<?xml version="1.0" encoding="UTF-8"?><plist><dict><key>archiveVersion</key><string>1</string><key>classes</key><dict/><key>objectVersion</key><string>42</string><key>objects</key><dict><key>000000000000000000000000</key><dict><key>isa</key><string>PBXFileReference</string><key>name</key><string>DHT11.c</string><key>path</key><string>../modules/DHT11/DHT11.c</string><key>sourceTree</key><string>SOURCE_ROOT</string></dict><key>000000000000000000000001</key><dict><key>isa</key><string>PBXFileReference</string><key>name</key><string>DHT11_hal.c</string><key>path</key><string>../modules/DHT11/DHT11_hal.c</string><key>sourceTree</key><string>SOURCE_ROOT</string></dict><key>000000000000000000000002</key><dict><key>isa</key><string>PBXFileReference</string><key>name</key><string>DS18B20.c</string><key>path</key><string>../modules/DS18B20/DS18B20.c</string><key>sourceTree</key><string>SOURCE_ROOT</string></dict><key>000000000000000000000003</key><dict><key>isa</key><string>PBXFileReference</string><key>name</key><string>FloorHeater.c</string><key>path</key><string>../modules/FloorHeater/FloorHeater.c</string><key>sourceTree</key><string>SOURCE_ROOT</string></dict><key>000000000000000000000004</key><dict><key>isa</key><string>PBXFileReference</string><key>name</key><string>PIR.c</string><key>path</key><string>../modules/PIR/PIR.c</string><key>sourceTree</key><string>SOURCE_ROOT</string></dict><key>000000000000000000000005</key><dict><key>isa</key><string>PBXFileReference</string><key>name</key><string>RGBW.c</string><key>path</key><string>../modules/RGBW/RGBW.c</string><key>sourceTree</key><string>SOURCE_ROOT</string></dict><key>000000000000000000000006</key><dict><key>isa</key><string>PBXFileReference</string><key>name</key><string>WatchDog.c</string><key>path</key><string>../modules/Watchdog/WatchDog.c</string><key>sourceTree</key><string>SOURCE_ROOT</string></dict><key>000000000000000000000007</key><dict><key>isa</key><string>PBXFileReference</string><key>name</key><string>adc.c</string><key>path</key><string>../os/hal/src/adc.c</string><key>sourceTree</key><string>SOURCE_ROOT</string></dict><key>000000000000000000000008</key><dict><key>isa</key><string>PBXFileReference</string><key>name</key><string>adc_lld.c</string><key>path</key><string>../os/hal/ports/STM32/STM32F0xx/adc_lld.c</string><key>sourceTree</key><string>SOURCE_ROOT</string></dict><key>000000000000000000000009</key><dict><key>isa</key><string>PBXFileReference</string><key>name</key><string>board.c</string><key>path</key><string>../board/STM32F030F/board.c</string><key>sourceTree</key><string>SOURCE_ROOT</string></dict><key>00000000000000000000000a</key><dict><key>isa</key><string>PBXFileReference</string><key>name</key><string>can.c</string><key>path</key><string>../os/hal/src/can.c</string><key>sourceTree</key><string>SOURCE_ROOT</string></dict><key>00000000000000000000000b</key><dict><key>isa</key><string>PBXFileReference</string><key>name</key><string>chcond.c</string><key>path</key><string>../os/rt/src/chcond.c</string><key>sourceTree</key><string>SOURCE_ROOT</string></dict><key>00000000000000000000000c</key><dict><key>isa</key><string>PBXFileReference</string><key>name</key><string>chcore.c</string><key>path</key><string>../os/rt/ports/ARMCMx/chcore.c</string><key>sourceTree</key><string>SOURCE_ROOT</string></dict><key>00000000000000000000000d</key><dict><key>isa</key><string>PBXFileReference</string><key>name</key><string>chcore_v6m.c</string><key>path</key><string>../os/rt/ports/ARMCMx/chcore_v6m.c</string><key>sourceTree</key><string>SOURCE_ROOT</string></dict><key>00000000000000000000000e</key><dict><key>isa</key><string>PBXFileReference</string><key>name</key><string>chcoreasm_v6m.S</string><key>path</key><string>../os/rt/ports/ARMCMx/compilers/GCC/chcoreasm_v6m.S</string><key>sourceTree</key><string>SOURCE_ROOT</string></dict><key>00000000000000000000000f</key><dict><key>isa</key><string>PBXFileReference</string><key>name</key><string>chdebug.c</string><key>path</key><string>../os/rt/src/chdebug.c</string><key>sourceTree</key><string>SOURCE_ROOT</string></dict><key>000000000000000000000010</key><dict><key>isa</key><string>PBXFileReference</string><key>name</key><string>chdynamic.c</string><key>path</key><string>../os/rt/src/chdynamic.c</string><key>sourceTree</key><string>SOURCE_ROOT</string></dict><key>000000000000000000000011</key><dict><key>isa</key><string>PBXFileReference</string><key>name</key><string>chevents.c</string><key>path</key><string>../os/rt/src/chevents.c</string><key>sourceTree</key><string>SOURCE_ROOT</string></dict><key>000000000000000000000012</key><dict><key>isa</key><string>PBXFileReference</string><key>name</key><string>chheap.c</string><key>path</key><string>../os/rt/src/chheap.c</string><key>sourceTree</key><string>SOURCE_ROOT</string></dict><key>000000000000000000000013</key><dict><key>isa</key><string>PBXFileReference</string><key>name</key><string>chmboxes.c</string><key>path</key><string>../os/rt/src/chmboxes.c</string><key>sourceTree</key><string>SOURCE_ROOT</string></dict><key>000000000000000000000014</key><dict><key>isa</key><string>PBXFileReference</string><key>name</key><string>chmemcore.c</string><key>path</key><string>../os/rt/src/chmemcore.c</string><key>sourceTree</key><string>SOURCE_ROOT</string></dict><key>000000000000000000000015</key><dict><key>isa</key><string>PBXFileReference</string><key>name</key><string>chmempools.c</string><key>path</key><string>../os/rt/src/chmempools.c</string><key>sourceTree</key><string>SOURCE_ROOT</string></dict><key>000000000000000000000016</key><dict><key>isa</key><string>PBXFileReference</string><key>name</key><string>chmsg.c</string><key>path</key><string>../os/rt/src/chmsg.c</string><key>sourceTree</key><string>SOURCE_ROOT</string></dict><key>000000000000000000000017</key><dict><key>isa</key><string>PBXFileReference</string><key>name</key><string>chmtx.c</string><key>path</key><string>../os/rt/src/chmtx.c</string><key>sourceTree</key><string>SOURCE_ROOT</string></dict><key>000000000000000000000018</key><dict><key>isa</key><string>PBXFileReference</string><key>name</key><string>chprintf.c</string><key>path</key><string>../os/various/chprintf.c</string><key>sourceTree</key><string>SOURCE_ROOT</string></dict><key>000000000000000000000019</key><dict><key>isa</key><string>PBXFileReference</string><key>name</key><string>chqueues.c</string><key>path</key><string>../os/rt/src/chqueues.c</string><key>sourceTree</key><string>SOURCE_ROOT</string></dict><key>00000000000000000000001a</key><dict><key>isa</key><string>PBXFileReference</string><key>name</key><string>chregistry.c</string><key>path</key><string>../os/rt/src/chregistry.c</string><key>sourceTree</key><string>SOURCE_ROOT</string></dict><key>00000000000000000000001b</key><dict><key>isa</key><string>PBXFileReference</string><key>name</key><string>chschd.c</string><key>path</key><string>../os/rt/src/chschd.c</string><key>sourceTree</key><string>SOURCE_ROOT</string></dict><key>00000000000000000000001c</key><dict><key>isa</key><string>PBXFileReference</string><key>name</key><string>chsem.c</string><key>path</key><string>../os/rt/src/chsem.c</string><key>sourceTree</key><string>SOURCE_ROOT</string></dict><key>00000000000000000000001d</key><dict><key>isa</key><string>PBXFileReference</string><key>name</key><string>chstats.c</string><key>path</key><string>../os/rt/src/chstats.c</string><key>sourceTree</key><string>SOURCE_ROOT</string></dict><key>00000000000000000000001e</key><dict><key>isa</key><string>PBXFileReference</string><key>name</key><string>chsys.c</string><key>path</key><string>../os/rt/src/chsys.c</string><key>sourceTree</key><string>SOURCE_ROOT</string></dict><key>00000000000000000000001f</key><dict><key>isa</key><string>PBXFileReference</string><key>name</key><string>chthreads.c</string><key>path</key><string>../os/rt/src/chthreads.c</string><key>sourceTree</key><string>SOURCE_ROOT</string></dict><key>000000000000000000000020</key><dict><key>isa</key><string>PBXFileReference</string><key>name</key><string>chtm.c</string><key>path</key><string>../os/rt/src/chtm.c</string><key>sourceTree</key><string>SOURCE_ROOT</string></dict><key>000000000000000000000021</key><dict><key>isa</key><string>PBXFileReference</string><key>name</key><string>chvt.c</string><key>path</key><string>../os/rt/src/chvt.c</string><key>sourceTree</key><string>SOURCE_ROOT</string></dict><key>000000000000000000000022</key><dict><key>isa</key><string>PBXFileReference</string><key>name</key><string>cli.c</string><key>path</key><string>../modules/Command Shell/cli.c</string><key>sourceTree</key><string>SOURCE_ROOT</string></dict><key>000000000000000000000023</key><dict><key>isa</key><string>PBXFileReference</string><key>name</key><string>core.c</string><key>path</key><string>../modules/core.c</string><key>sourceTree</key><string>SOURCE_ROOT</string></dict><key>000000000000000000000024</key><dict><key>isa</key><string>PBXFileReference</string><key>name</key><string>crt0.c</string><key>path</key><string>../os/common/ports/ARMCMx/compilers/GCC/crt0.c</string><key>sourceTree</key><string>SOURCE_ROOT</string></dict><key>000000000000000000000025</key><dict><key>isa</key><string>PBXFileReference</string><key>name</key><string>dac.c</string><key>path</key><string>../os/hal/src/dac.c</string><key>sourceTree</key><string>SOURCE_ROOT</string></dict><key>000000000000000000000026</key><dict><key>isa</key><string>PBXFileReference</string><key>name</key><string>ext.c</string><key>path</key><string>../os/hal/src/ext.c</string><key>sourceTree</key><string>SOURCE_ROOT</string></dict><key>000000000000000000000027</key><dict><key>isa</key><string>PBXFileReference</string><key>name</key><string>ext_lld.c</string><key>path</key><string>../os/hal/ports/STM32/LLD/ext_lld.c</string><key>sourceTree</key><string>SOURCE_ROOT</string></dict><key>000000000000000000000028</key><dict><key>isa</key><string>PBXFileReference</string><key>name</key><string>ext_lld_isr.c</string><key>path</key><string>../os/hal/ports/STM32/STM32F0xx/ext_lld_isr.c</string><key>sourceTree</key><string>SOURCE_ROOT</string></dict><key>000000000000000000000029</key><dict><key>isa</key><string>PBXFileReference</string><key>name</key><string>gpt.c</string><key>path</key><string>../os/hal/src/gpt.c</string><key>sourceTree</key><string>SOURCE_ROOT</string></dict><key>00000000000000000000002a</key><dict><key>isa</key><string>PBXFileReference</string><key>name</key><string>gpt_lld.c</string><key>path</key><string>../os/hal/ports/STM32/LLD/TIMv1/gpt_lld.c</string><key>sourceTree</key><string>SOURCE_ROOT</string></dict><key>00000000000000000000002b</key><dict><key>isa</key><string>PBXFileReference</string><key>name</key><string>hal.c</string><key>path</key><string>../os/hal/src/hal.c</string><key>sourceTree</key><string>SOURCE_ROOT</string></dict><key>00000000000000000000002c</key><dict><key>isa</key><string>PBXFileReference</string><key>name</key><string>hal_lld.c</string><key>path</key><string>../os/hal/ports/STM32/STM32F0xx/hal_lld.c</string><key>sourceTree</key><string>SOURCE_ROOT</string></dict><key>00000000000000000000002d</key><dict><key>isa</key><string>PBXFileReference</string><key>name</key><string>hal_mmcsd.c</string><key>path</key><string>../os/hal/src/hal_mmcsd.c</string><key>sourceTree</key><string>SOURCE_ROOT</string></dict><key>00000000000000000000002e</key><dict><key>isa</key><string>PBXFileReference</string><key>name</key><string>hal_queues.c</string><key>path</key><string>../os/hal/src/hal_queues.c</string><key>sourceTree</key><string>SOURCE_ROOT</string></dict><key>00000000000000000000002f</key><dict><key>isa</key><string>PBXFileReference</string><key>name</key><string>i2c.c</string><key>path</key><string>../os/hal/src/i2c.c</string><key>sourceTree</key><string>SOURCE_ROOT</string></dict><key>000000000000000000000030</key><dict><key>isa</key><string>PBXFileReference</string><key>name</key><string>i2s.c</string><key>path</key><string>../os/hal/src/i2s.c</string><key>sourceTree</key><string>SOURCE_ROOT</string></dict><key>000000000000000000000031</key><dict><key>isa</key><string>PBXFileReference</string><key>name</key><string>icu.c</string><key>path</key><string>../os/hal/src/icu.c</string><key>sourceTree</key><string>SOURCE_ROOT</string></dict><key>000000000000000000000032</key><dict><key>isa</key><string>PBXFileReference</string><key>name</key><string>icu_lld.c</string><key>path</key><string>../os/hal/ports/STM32/LLD/TIMv1/icu_lld.c</string><key>sourceTree</key><string>SOURCE_ROOT</string></dict><key>000000000000000000000033</key><dict><key>isa</key><string>PBXFileReference</string><key>name</key><string>iwdg.c</string><key>path</key><string>../modules/Watchdog/iwdg.c</string><key>sourceTree</key><string>SOURCE_ROOT</string></dict><key>000000000000000000000034</key><dict><key>isa</key><string>PBXFileReference</string><key>name</key><string>iwdg_lld.c</string><key>path</key><string>../modules/Watchdog/iwdg_lld.c</string><key>sourceTree</key><string>SOURCE_ROOT</string></dict><key>000000000000000000000035</key><dict><key>isa</key><string>PBXFileReference</string><key>name</key><string>lcd.c</string><key>path</key><string>../modules/LCD1602/lcd.c</string><key>sourceTree</key><string>SOURCE_ROOT</string></dict><key>000000000000000000000036</key><dict><key>isa</key><string>PBXFileReference</string><key>name</key><string>main.c</string><key>path</key><string>../main.c</string><key>sourceTree</key><string>SOURCE_ROOT</string></dict><key>000000000000000000000037</key><dict><key>isa</key><string>PBXFileReference</string><key>name</key><string>mmc_spi.c</string><key>path</key><string>../os/hal/src/mmc_spi.c</string><key>sourceTree</key><string>SOURCE_ROOT</string></dict><key>000000000000000000000038</key><dict><key>isa</key><string>PBXFileReference</string><key>name</key><string>nRF24.c</string><key>path</key><string>../modules/nRF24/src/nRF24.c</string><key>sourceTree</key><string>SOURCE_ROOT</string></dict><key>000000000000000000000039</key><dict><key>isa</key><string>PBXFileReference</string><key>name</key><string>nRF24_HAL.c</string><key>path</key><string>../modules/nRF24/src/nRF24_HAL.c</string><key>sourceTree</key><string>SOURCE_ROOT</string></dict><key>00000000000000000000003a</key><dict><key>isa</key><string>PBXFileReference</string><key>name</key><string>nvic.c</string><key>path</key><string>../os/hal/ports/common/ARMCMx/nvic.c</string><key>sourceTree</key><string>SOURCE_ROOT</string></dict><key>00000000000000000000003b</key><dict><key>isa</key><string>PBXFileReference</string><key>name</key><string>onewire.c</string><key>path</key><string>../modules/DS18B20/onewire.c</string><key>sourceTree</key><string>SOURCE_ROOT</string></dict><key>00000000000000000000003c</key><dict><key>isa</key><string>PBXFileReference</string><key>name</key><string>osal.c</string><key>path</key><string>../os/hal/osal/rt/osal.c</string><key>sourceTree</key><string>SOURCE_ROOT</string></dict><key>00000000000000000000003d</key><dict><key>isa</key><string>PBXFileReference</string><key>name</key><string>pal.c</string><key>path</key><string>../os/hal/src/pal.c</string><key>sourceTree</key><string>SOURCE_ROOT</string></dict><key>00000000000000000000003e</key><dict><key>isa</key><string>PBXFileReference</string><key>name</key><string>pal_lld.c</string><key>path</key><string>../os/hal/ports/STM32/LLD/GPIOv2/pal_lld.c</string><key>sourceTree</key><string>SOURCE_ROOT</string></dict><key>00000000000000000000003f</key><dict><key>isa</key><string>PBXFileReference</string><key>name</key><string>pwm.c</string><key>path</key><string>../os/hal/src/pwm.c</string><key>sourceTree</key><string>SOURCE_ROOT</string></dict><key>000000000000000000000040</key><dict><key>isa</key><string>PBXFileReference</string><key>name</key><string>pwm_lld.c</string><key>path</key><string>../os/hal/ports/STM32/LLD/TIMv1/pwm_lld.c</string><key>sourceTree</key><string>SOURCE_ROOT</string></dict><key>000000000000000000000041</key><dict><key>isa</key><string>PBXFileReference</string><key>name</key><string>radio.c</string><key>path</key><string>../modules/nRF24/src/radio.c</string><key>sourceTree</key><string>SOURCE_ROOT</string></dict><key>000000000000000000000042</key><dict><key>isa</key><string>PBXFileReference</string><key>name</key><string>rtc.c</string><key>path</key><string>../os/hal/src/rtc.c</string><key>sourceTree</key><string>SOURCE_ROOT</string></dict><key>000000000000000000000043</key><dict><key>isa</key><string>PBXFileReference</string><key>name</key><string>rtc_lld.c</string><key>path</key><string>../os/hal/ports/STM32/LLD/RTCv2/rtc_lld.c</string><key>sourceTree</key><string>SOURCE_ROOT</string></dict><key>000000000000000000000044</key><dict><key>isa</key><string>PBXFileReference</string><key>name</key><string>sdc.c</string><key>path</key><string>../os/hal/src/sdc.c</string><key>sourceTree</key><string>SOURCE_ROOT</string></dict><key>000000000000000000000045</key><dict><key>isa</key><string>PBXFileReference</string><key>name</key><string>serial.c</string><key>path</key><string>../os/hal/src/serial.c</string><key>sourceTree</key><string>SOURCE_ROOT</string></dict><key>000000000000000000000046</key><dict><key>isa</key><string>PBXFileReference</string><key>name</key><string>serial_lld.c</string><key>path</key><string>../os/hal/ports/STM32/LLD/USARTv2/serial_lld.c</string><key>sourceTree</key><string>SOURCE_ROOT</string></dict><key>000000000000000000000047</key><dict><key>isa</key><string>PBXFileReference</string><key>name</key><string>serial_usb.c</string><key>path</key><string>../os/hal/src/serial_usb.c</string><key>sourceTree</key><string>SOURCE_ROOT</string></dict><key>000000000000000000000048</key><dict><key>isa</key><string>PBXFileReference</string><key>name</key><string>shell.c</string><key>path</key><string>../os/various/shell.c</string><key>sourceTree</key><string>SOURCE_ROOT</string></dict><key>000000000000000000000049</key><dict><key>isa</key><string>PBXFileReference</string><key>name</key><string>spi.c</string><key>path</key><string>../os/hal/src/spi.c</string><key>sourceTree</key><string>SOURCE_ROOT</string></dict><key>00000000000000000000004a</key><dict><key>isa</key><string>PBXFileReference</string><key>name</key><string>spi_lld.c</string><key>path</key><string>../os/hal/ports/STM32/LLD/SPIv2/spi_lld.c</string><key>sourceTree</key><string>SOURCE_ROOT</string></dict><key>00000000000000000000004b</key><dict><key>isa</key><string>PBXFileReference</string><key>name</key><string>st.c</string><key>path</key><string>../os/hal/src/st.c</string><key>sourceTree</key><string>SOURCE_ROOT</string></dict><key>00000000000000000000004c</key><dict><key>isa</key><string>PBXFileReference</string><key>name</key><string>st_lld.c</string><key>path</key><string>../os/hal/ports/STM32/LLD/TIMv1/st_lld.c</string><key>sourceTree</key><string>SOURCE_ROOT</string></dict><key>00000000000000000000004d</key><dict><key>isa</key><string>PBXFileReference</string><key>name</key><string>stm32_dma.c</string><key>path</key><string>../os/hal/ports/STM32/STM32F0xx/stm32_dma.c</string><key>sourceTree</key><string>SOURCE_ROOT</string></dict><key>00000000000000000000004e</key><dict><key>isa</key><string>PBXFileReference</string><key>name</key><string>uart.c</string><key>path</key><string>../os/hal/src/uart.c</string><key>sourceTree</key><string>SOURCE_ROOT</string></dict><key>00000000000000000000004f</key><dict><key>isa</key><string>PBXFileReference</string><key>name</key><string>uart_lld.c</string><key>path</key><string>../os/hal/ports/STM32/LLD/USARTv2/uart_lld.c</string><key>sourceTree</key><string>SOURCE_ROOT</string></dict><key>000000000000000000000050</key><dict><key>isa</key><string>PBXFileReference</string><key>name</key><string>usb.c</string><key>path</key><string>../os/hal/src/usb.c</string><key>sourceTree</key><string>SOURCE_ROOT</string></dict><key>000000000000000000000051</key><dict><key>isa</key><string>PBXFileReference</string><key>name</key><string>vectors.c</string><key>path</key><string>../os/common/ports/ARMCMx/compilers/GCC/vectors.c</string><key>sourceTree</key><string>SOURCE_ROOT</string></dict><key>000000000000000000000052</key><dict><key>children</key><array><string>000000000000000000000000</string><string>000000000000000000000001</string><string>000000000000000000000002</string><string>000000000000000000000003</string><string>000000000000000000000004</string><string>000000000000000000000005</string><string>000000000000000000000006</string><string>000000000000000000000007</string><string>000000000000000000000008</string><string>000000000000000000000009</string><string>00000000000000000000000a</string><string>00000000000000000000000b</string><string>00000000000000000000000c</string><string>00000000000000000000000d</string><string>00000000000000000000000e</string><string>00000000000000000000000f</string><string>000000000000000000000010</string><string>000000000000000000000011</string><string>000000000000000000000012</string><string>000000000000000000000013</string><string>000000000000000000000014</string><string>000000000000000000000015</string><string>000000000000000000000016</string><string>000000000000000000000017</string><string>000000000000000000000018</string><string>000000000000000000000019</string><string>00000000000000000000001a</string><string>00000000000000000000001b</string><string>00000000000000000000001c</string><string>00000000000000000000001d</string><string>00000000000000000000001e</string><string>00000000000000000000001f</string><string>000000000000000000000020</string><string>000000000000000000000021</string><string>000000000000000000000022</string><string>000000000000000000000023</string><string>000000000000000000000024</string><string>000000000000000000000025</string><string>000000000000000000000026</string><string>000000000000000000000027</string><string>000000000000000000000028</string><string>000000000000000000000029</string><string>00000000000000000000002a</string><string>00000000000000000000002b</string><string>00000000000000000000002c</string><string>00000000000000000000002d</string><string>00000000000000000000002e</string><string>00000000000000000000002f</string><string>000000000000000000000030</string><string>000000000000000000000031</string><string>000000000000000000000032</string><string>000000000000000000000033</string><string>000000000000000000000034</string><string>000000000000000000000035</string><string>000000000000000000000036</string><string>000000000000000000000037</string><string>000000000000000000000038</string><string>000000000000000000000039</string><string>00000000000000000000003a</string><string>00000000000000000000003b</string><string>00000000000000000000003c</string><string>00000000000000000000003d</string><string>00000000000000000000003e</string><string>00000000000000000000003f</string><string>000000000000000000000040</string><string>000000000000000000000041</string><string>000000000000000000000042</string><string>000000000000000000000043</string><string>000000000000000000000044</string><string>000000000000000000000045</string><string>000000000000000000000046</string><string>000000000000000000000047</string><string>000000000000000000000048</string><string>000000000000000000000049</string><string>00000000000000000000004a</string><string>00000000000000000000004b</string><string>00000000000000000000004c</string><string>00000000000000000000004d</string><string>00000000000000000000004e</string><string>00000000000000000000004f</string><string>000000000000000000000050</string><string>000000000000000000000051</string></array><key>isa</key><string>PBXGroup</string><key>name</key><string>Source</string><key>sourceTree</key><string>&lt;source&gt;</string></dict><key>000000000000000000000053</key><dict><key>explicitFileType</key><string>compiled.mach-o.executable</string><key>includeInIndex</key><string>0</string><key>isa</key><string>PBXFileReference</string><key>name</key><string>ChibiOS_FloorHeater.elf</string><key>path</key><string>../../../STM32F030F/Debug/bin/ChibiOS_FloorHeater.elf</string><key>sourceTree</key><string>BUILD_PRODUCTS_DIR</string></dict><key>000000000000000000000054</key><dict><key>children</key><array><string>000000000000000000000053</string></array><key>isa</key><string>PBXGroup</string><key>name</key><string>Products</string><key>sourceTree</key><string>&lt;source&gt;</string></dict><key>000000000000000000000055</key><dict><key>children</key><array/><key>isa</key><string>PBXGroup</string><key>name</key><string>Documentation</string><key>sourceTree</key><string>&lt;source&gt;</string></dict><key>000000000000000000000056</key><dict><key>children</key><array><string>000000000000000000000052</string><string>000000000000000000000055</string><string>000000000000000000000054</string></array><key>isa</key><string>PBXGroup</string><key>name</key><string>ChibiOS_FloorHeater.elf</string><key>sourceTree</key><string>&lt;source&gt;</string></dict><key>000000000000000000000057</key><dict><key>buildSettings</key><dict><key>GCC_PREPROCESSOR_DEFINITIONS</key><array><string>DEBUG_Discovery</string><string>STM32F030F4P6</string><string>STM32F030x6</string><string>$(inherited)</string></array><key>GCC_WARN_ABOUT_RETURN_TYPE</key><string>YES</string><key>GCC_WARN_UNUSED_VARIABLE</key><string>YES</string><key>HEADER_SEARCH_PATHS</key><array><string>../modules</string><string>../os/hal/osal</string><string>../os/ext/CMSIS/ST</string><string>..</string><string>../modules/DS18B20</string><string>../modules/Command Shell</string><string>../os/hal/ports/STM32/LLD</string><string>../board</string><string>../os/hal/ports/common</string><string>../os/ext</string><string>../os/rt/include</string><string>../modules/nRF24/include</string><string>../os/hal/ports/common/ARMCMx</string><string>../..</string><string>../modules/FloorHeater</string><string>../os/hal/ports/STM32/STM32F0xx</string><string>../os/hal/include</string><string>../modules/DHT11</string><string>../os/hal/ports/STM32/LLD/USARTv2</string><string>../os/hal/osal/rt</string><string>../os/various</string><string>../modules/PIR</string><string>../os/rt/ports/ARMCMx/compilers/GCC</string><string>../modules/RGBW</string><string>../os/hal/ports/STM32</string><string>../os/ext/CMSIS/include</string><string>../os</string><string>../os/hal/ports/STM32/LLD/SPIv2</string><string>../os/rt/ports/ARMCMx</string><string>../board/STM32F030F</string><string>../os/rt/ports</string><string>../os/rt</string><string>../os/rt/ports/ARMCMx/compilers</string><string>../modules/nRF24</string><string>../modules/Watchdog</string><string>../os/hal/ports</string><string>../os/common/ports/ARMCMx/devices</string><string>../os/common/ports/ARMCMx/devices/STM32F0xx</string><string>../os/common/ports/ARMCMx</string><string>../os/hal</string><string>../os/hal/ports/STM32/LLD/GPIOv2</string><string>../os/hal/ports/STM32/LLD/TIMv1</string><string>../os/ext/CMSIS</string><string>../modules/LCD1602</string><string>../os/hal/ports/STM32/LLD/RTCv2</string><string>${inherited)</string></array><key>LIBRARY_SEARCH_PATHS</key><array/><key>OTHER_LDFLAGS</key><array/><key>PREBINDING</key><string>NO</string><key>SDKROOT</key><string>/Developer/SDKs/MacOSX10.4u.sdk</string></dict><key>isa</key><string>XCBuildConfiguration</string><key>name</key><string>Debug</string></dict><key>000000000000000000000058</key><dict><key>buildSettings</key><dict><key>GCC_PREPROCESSOR_DEFINITIONS</key><array><string>DEBUG_Discovery</string><string>STM32F030F4P6</string><string>STM32F030x6</string><string>$(inherited)</string></array><key>GCC_WARN_ABOUT_RETURN_TYPE</key><string>YES</string><key>GCC_WARN_UNUSED_VARIABLE</key><string>YES</string><key>HEADER_SEARCH_PATHS</key><array><string>../modules</string><string>../os/hal/osal</string><string>../os/ext/CMSIS/ST</string><string>..</string><string>../modules/DS18B20</string><string>../modules/Command Shell</string><string>../os/hal/ports/STM32/LLD</string><string>../board</string><string>../os/hal/ports/common</string><string>../os/ext</string><string>../os/rt/include</string><string>../modules/nRF24/include</string><string>../os/hal/ports/common/ARMCMx</string><string>../..</string><string>../modules/FloorHeater</string><string>../os/hal/ports/STM32/STM32F0xx</string><string>../os/hal/include</string><string>../modules/DHT11</string><string>../os/hal/ports/STM32/LLD/USARTv2</string><string>../os/hal/osal/rt</string><string>../os/various</string><string>../modules/PIR</string><string>../os/rt/ports/ARMCMx/compilers/GCC</string><string>../modules/RGBW</string><string>../os/hal/ports/STM32</string><string>../os/ext/CMSIS/include</string><string>../os</string><string>../os/hal/ports/STM32/LLD/SPIv2</string><string>../os/rt/ports/ARMCMx</string><string>../board/STM32F030F</string><string>../os/rt/ports</string><string>../os/rt</string><string>../os/rt/ports/ARMCMx/compilers</string><string>../modules/nRF24</string><string>../modules/Watchdog</string><string>../os/hal/ports</string><string>../os/common/ports/ARMCMx/devices</string><string>../os/common/ports/ARMCMx/devices/STM32F0xx</string><string>../os/common/ports/ARMCMx</string><string>../os/hal</string><string>../os/hal/ports/STM32/LLD/GPIOv2</string><string>../os/hal/ports/STM32/LLD/TIMv1</string><string>../os/ext/CMSIS</string><string>../modules/LCD1602</string><string>../os/hal/ports/STM32/LLD/RTCv2</string><string>${inherited)</string></array><key>LIBRARY_SEARCH_PATHS</key><array/><key>OTHER_LDFLAGS</key><array/><key>PREBINDING</key><string>NO</string><key>SDKROOT</key><string>/Developer/SDKs/MacOSX10.4u.sdk</string></dict><key>isa</key><string>XCBuildConfiguration</string><key>name</key><string>Release</string></dict><key>000000000000000000000059</key><dict><key>buildConfigurations</key><array><string>000000000000000000000057</string><string>000000000000000000000058</string></array><key>defaultConfigurationIsVisible</key><string>0</string><key>defaultConfigurationName</key><string>Debug</string><key>isa</key><string>XCConfigurationList</string></dict><key>00000000000000000000005a</key><dict><key>buildConfigurationList</key><string>000000000000000000000059</string><key>hasScannedForEncodings</key><string>0</string><key>isa</key><string>PBXProject</string><key>mainGroup</key><string>000000000000000000000056</string><key>projectDirPath</key><string/><key>projectRoot</key><string>../../../../CooCox/CoIDE/configuration/ProgramData/STM32F030F</string><key>targets</key><array><string>0000000000000000000000b3</string></array></dict><key>00000000000000000000005b</key><dict><key>buildSettings</key><dict><key>COPY_PHASE_STRIP</key><string>NO</string><key>GCC_DYNAMIC_NO_PIC</key><string>NO</string><key>GCC_ENABLE_FIX_AND_CONTINUE</key><string>YES</string><key>GCC_MODEL_TUNING</key><string>G5</string><key>GCC_OPTIMIZATION_LEVEL</key><string>0</string><key>INSTALL_PATH</key><string>$(HOME)/bin</string><key>PRODUCT_NAME</key><string>ChibiOS_FloorHeater.elf</string><key>ZERO_LINK</key><string>YES</string></dict><key>isa</key><string>XCBuildConfiguration</string><key>name</key><string>Debug</string></dict><key>00000000000000000000005c</key><dict><key>buildSettings</key><dict><key>ARCHS</key><array><string>ppc</string><string>i386</string></array><key>GCC_GENERATE_DEBUGGING_SYMBOLS</key><string>NO</string><key>GCC_MODEL_TUNING</key><string>G5</string><key>INSTALL_PATH</key><string>$(HOME)/bin</string><key>PRODUCT_NAME</key><string>ChibiOS_FloorHeater.elf</string></dict><key>isa</key><string>XCBuildConfiguration</string><key>name</key><string>Release</string></dict><key>00000000000000000000005d</key><dict><key>buildConfigurations</key><array><string>00000000000000000000005b</string><string>00000000000000000000005c</string></array><key>isa</key><string>XCConfigurationList</string></dict><key>00000000000000000000005e</key><dict><key>fileRef</key><string>000000000000000000000000</string><key>isa</key><string>PBXBuildFile</string><key>settings</key><dict><key>ATTRIBUTES</key><array/></dict></dict><key>00000000000000000000005f</key><dict><key>fileRef</key><string>000000000000000000000001</string><key>isa</key><string>PBXBuildFile</string><key>settings</key><dict><key>ATTRIBUTES</key><array/></dict></dict><key>000000000000000000000060</key><dict><key>fileRef</key><string>000000000000000000000002</string><key>isa</key><string>PBXBuildFile</string><key>settings</key><dict><key>ATTRIBUTES</key><array/></dict></dict><key>000000000000000000000061</key><dict><key>fileRef</key><string>000000000000000000000003</string><key>isa</key><string>PBXBuildFile</string><key>settings</key><dict><key>ATTRIBUTES</key><array/></dict></dict><key>000000000000000000000062</key><dict><key>fileRef</key><string>000000000000000000000004</string><key>isa</key><string>PBXBuildFile</string><key>settings</key><dict><key>ATTRIBUTES</key><array/></dict></dict><key>000000000000000000000063</key><dict><key>fileRef</key><string>000000000000000000000005</string><key>isa</key><string>PBXBuildFile</string><key>settings</key><dict><key>ATTRIBUTES</key><array/></dict></dict><key>000000000000000000000064</key><dict><key>fileRef</key><string>000000000000000000000006</string><key>isa</key><string>PBXBuildFile</string><key>settings</key><dict><key>ATTRIBUTES</key><array/></dict></dict><key>000000000000000000000065</key><dict><key>fileRef</key><string>000000000000000000000007</string><key>isa</key><string>PBXBuildFile</string><key>settings</key><dict><key>ATTRIBUTES</key><array/></dict></dict><key>000000000000000000000066</key><dict><key>fileRef</key><string>000000000000000000000008</string><key>isa</key><string>PBXBuildFile</string><key>settings</key><dict><key>ATTRIBUTES</key><array/></dict></dict><key>000000000000000000000067</key><dict><key>fileRef</key><string>000000000000000000000009</string><key>isa</key><string>PBXBuildFile</string><key>settings</key><dict><key>ATTRIBUTES</key><array/></dict></dict><key>000000000000000000000068</key><dict><key>fileRef</key><string>00000000000000000000000a</string><key>isa</key><string>PBXBuildFile</string><key>settings</key><dict><key>ATTRIBUTES</key><array/></dict></dict><key>000000000000000000000069</key><dict><key>fileRef</key><string>00000000000000000000000b</string><key>isa</key><string>PBXBuildFile</string><key>settings</key><dict><key>ATTRIBUTES</key><array/></dict></dict><key>00000000000000000000006a</key><dict><key>fileRef</key><string>00000000000000000000000c</string><key>isa</key><string>PBXBuildFile</string><key>settings</key><dict><key>ATTRIBUTES</key><array/></dict></dict><key>00000000000000000000006b</key><dict><key>fileRef</key><string>00000000000000000000000d</string><key>isa</key><string>PBXBuildFile</string><key>settings</key><dict><key>ATTRIBUTES</key><array/></dict></dict><key>00000000000000000000006c</key><dict><key>fileRef</key><string>00000000000000000000000e</string><key>isa</key><string>PBXBuildFile</string><key>settings</key><dict><key>ATTRIBUTES</key><array/></dict></dict><key>00000000000000000000006d</key><dict><key>fileRef</key><string>00000000000000000000000f</string><key>isa</key><string>PBXBuildFile</string><key>settings</key><dict><key>ATTRIBUTES</key><array/></dict></dict><key>00000000000000000000006e</key><dict><key>fileRef</key><string>000000000000000000000010</string><key>isa</key><string>PBXBuildFile</string><key>settings</key><dict><key>ATTRIBUTES</key><array/></dict></dict><key>00000000000000000000006f</key><dict><key>fileRef</key><string>000000000000000000000011</string><key>isa</key><string>PBXBuildFile</string><key>settings</key><dict><key>ATTRIBUTES</key><array/></dict></dict><key>000000000000000000000070</key><dict><key>fileRef</key><string>000000000000000000000012</string><key>isa</key><string>PBXBuildFile</string><key>settings</key><dict><key>ATTRIBUTES</key><array/></dict></dict><key>000000000000000000000071</key><dict><key>fileRef</key><string>000000000000000000000013</string><key>isa</key><string>PBXBuildFile</string><key>settings</key><dict><key>ATTRIBUTES</key><array/></dict></dict><key>000000000000000000000072</key><dict><key>fileRef</key><string>000000000000000000000014</string><key>isa</key><string>PBXBuildFile</string><key>settings</key><dict><key>ATTRIBUTES</key><array/></dict></dict><key>000000000000000000000073</key><dict><key>fileRef</key><string>000000000000000000000015</string><key>isa</key><string>PBXBuildFile</string><key>settings</key><dict><key>ATTRIBUTES</key><array/></dict></dict><key>000000000000000000000074</key><dict><key>fileRef</key><string>000000000000000000000016</string><key>isa</key><string>PBXBuildFile</string><key>settings</key><dict><key>ATTRIBUTES</key><array/></dict></dict><key>000000000000000000000075</key><dict><key>fileRef</key><string>000000000000000000000017</string><key>isa</key><string>PBXBuildFile</string><key>settings</key><dict><key>ATTRIBUTES</key><array/></dict></dict><key>000000000000000000000076</key><dict><key>fileRef</key><string>000000000000000000000018</string><key>isa</key><string>PBXBuildFile</string><key>settings</key><dict><key>ATTRIBUTES</key><array/></dict></dict><key>000000000000000000000077</key><dict><key>fileRef</key><string>000000000000000000000019</string><key>isa</key><string>PBXBuildFile</string><key>settings</key><dict><key>ATTRIBUTES</key><array/></dict></dict><key>000000000000000000000078</key><dict><key>fileRef</key><string>00000000000000000000001a</string><key>isa</key><string>PBXBuildFile</string><key>settings</key><dict><key>ATTRIBUTES</key><array/></dict></dict><key>000000000000000000000079</key><dict><key>fileRef</key><string>00000000000000000000001b</string><key>isa</key><string>PBXBuildFile</string><key>settings</key><dict><key>ATTRIBUTES</key><array/></dict></dict><key>00000000000000000000007a</key><dict><key>fileRef</key><string>00000000000000000000001c</string><key>isa</key><string>PBXBuildFile</string><key>settings</key><dict><key>ATTRIBUTES</key><array/></dict></dict><key>00000000000000000000007b</key><dict><key>fileRef</key><string>00000000000000000000001d</string><key>isa</key><string>PBXBuildFile</string><key>settings</key><dict><key>ATTRIBUTES</key><array/></dict></dict><key>00000000000000000000007c</key><dict><key>fileRef</key><string>00000000000000000000001e</string><key>isa</key><string>PBXBuildFile</string><key>settings</key><dict><key>ATTRIBUTES</key><array/></dict></dict><key>00000000000000000000007d</key><dict><key>fileRef</key><string>00000000000000000000001f</string><key>isa</key><string>PBXBuildFile</string><key>settings</key><dict><key>ATTRIBUTES</key><array/></dict></dict><key>00000000000000000000007e</key><dict><key>fileRef</key><string>000000000000000000000020</string><key>isa</key><string>PBXBuildFile</string><key>settings</key><dict><key>ATTRIBUTES</key><array/></dict></dict><key>00000000000000000000007f</key><dict><key>fileRef</key><string>000000000000000000000021</string><key>isa</key><string>PBXBuildFile</string><key>settings</key><dict><key>ATTRIBUTES</key><array/></dict></dict><key>000000000000000000000080</key><dict><key>fileRef</key><string>000000000000000000000022</string><key>isa</key><string>PBXBuildFile</string><key>settings</key><dict><key>ATTRIBUTES</key><array/></dict></dict><key>000000000000000000000081</key><dict><key>fileRef</key><string>000000000000000000000023</string><key>isa</key><string>PBXBuildFile</string><key>settings</key><dict><key>ATTRIBUTES</key><array/></dict></dict><key>000000000000000000000082</key><dict><key>fileRef</key><string>000000000000000000000024</string><key>isa</key><string>PBXBuildFile</string><key>settings</key><dict><key>ATTRIBUTES</key><array/></dict></dict><key>000000000000000000000083</key><dict><key>fileRef</key><string>000000000000000000000025</string><key>isa</key><string>PBXBuildFile</string><key>settings</key><dict><key>ATTRIBUTES</key><array/></dict></dict><key>000000000000000000000084</key><dict><key>fileRef</key><string>000000000000000000000026</string><key>isa</key><string>PBXBuildFile</string><key>settings</key><dict><key>ATTRIBUTES</key><array/></dict></dict><key>000000000000000000000085</key><dict><key>fileRef</key><string>000000000000000000000027</string><key>isa</key><string>PBXBuildFile</string><key>settings</key><dict><key>ATTRIBUTES</key><array/></dict></dict><key>000000000000000000000086</key><dict><key>fileRef</key><string>000000000000000000000028</string><key>isa</key><string>PBXBuildFile</string><key>settings</key><dict><key>ATTRIBUTES</key><array/></dict></dict><key>000000000000000000000087</key><dict><key>fileRef</key><string>000000000000000000000029</string><key>isa</key><string>PBXBuildFile</string><key>settings</key><dict><key>ATTRIBUTES</key><array/></dict></dict><key>000000000000000000000088</key><dict><key>fileRef</key><string>00000000000000000000002a</string><key>isa</key><string>PBXBuildFile</string><key>settings</key><dict><key>ATTRIBUTES</key><array/></dict></dict><key>000000000000000000000089</key><dict><key>fileRef</key><string>00000000000000000000002b</string><key>isa</key><string>PBXBuildFile</string><key>settings</key><dict><key>ATTRIBUTES</key><array/></dict></dict><key>00000000000000000000008a</key><dict><key>fileRef</key><string>00000000000000000000002c</string><key>isa</key><string>PBXBuildFile</string><key>settings</key><dict><key>ATTRIBUTES</key><array/></dict></dict><key>00000000000000000000008b</key><dict><key>fileRef</key><string>00000000000000000000002d</string><key>isa</key><string>PBXBuildFile</string><key>settings</key><dict><key>ATTRIBUTES</key><array/></dict></dict><key>00000000000000000000008c</key><dict><key>fileRef</key><string>00000000000000000000002e</string><key>isa</key><string>PBXBuildFile</string><key>settings</key><dict><key>ATTRIBUTES</key><array/></dict></dict><key>00000000000000000000008d</key><dict><key>fileRef</key><string>00000000000000000000002f</string><key>isa</key><string>PBXBuildFile</string><key>settings</key><dict><key>ATTRIBUTES</key><array/></dict></dict><key>00000000000000000000008e</key><dict><key>fileRef</key><string>000000000000000000000030</string><key>isa</key><string>PBXBuildFile</string><key>settings</key><dict><key>ATTRIBUTES</key><array/></dict></dict><key>00000000000000000000008f</key><dict><key>fileRef</key><string>000000000000000000000031</string><key>isa</key><string>PBXBuildFile</string><key>settings</key><dict><key>ATTRIBUTES</key><array/></dict></dict><key>000000000000000000000090</key><dict><key>fileRef</key><string>000000000000000000000032</string><key>isa</key><string>PBXBuildFile</string><key>settings</key><dict><key>ATTRIBUTES</key><array/></dict></dict><key>000000000000000000000091</key><dict><key>fileRef</key><string>000000000000000000000033</string><key>isa</key><string>PBXBuildFile</string><key>settings</key><dict><key>ATTRIBUTES</key><array/></dict></dict><key>000000000000000000000092</key><dict><key>fileRef</key><string>000000000000000000000034</string><key>isa</key><string>PBXBuildFile</string><key>settings</key><dict><key>ATTRIBUTES</key><array/></dict></dict><key>000000000000000000000093</key><dict><key>fileRef</key><string>000000000000000000000035</string><key>isa</key><string>PBXBuildFile</string><key>settings</key><dict><key>ATTRIBUTES</key><array/></dict></dict><key>000000000000000000000094</key><dict><key>fileRef</key><string>000000000000000000000036</string><key>isa</key><string>PBXBuildFile</string><key>settings</key><dict><key>ATTRIBUTES</key><array/></dict></dict><key>000000000000000000000095</key><dict><key>fileRef</key><string>000000000000000000000037</string><key>isa</key><string>PBXBuildFile</string><key>settings</key><dict><key>ATTRIBUTES</key><array/></dict></dict><key>000000000000000000000096</key><dict><key>fileRef</key><string>000000000000000000000038</string><key>isa</key><string>PBXBuildFile</string><key>settings</key><dict><key>ATTRIBUTES</key><array/></dict></dict><key>000000000000000000000097</key><dict><key>fileRef</key><string>000000000000000000000039</string><key>isa</key><string>PBXBuildFile</string><key>settings</key><dict><key>ATTRIBUTES</key><array/></dict></dict><key>000000000000000000000098</key><dict><key>fileRef</key><string>00000000000000000000003a</string><key>isa</key><string>PBXBuildFile</string><key>settings</key><dict><key>ATTRIBUTES</key><array/></dict></dict><key>000000000000000000000099</key><dict><key>fileRef</key><string>00000000000000000000003b</string><key>isa</key><string>PBXBuildFile</string><key>settings</key><dict><key>ATTRIBUTES</key><array/></dict></dict><key>00000000000000000000009a</key><dict><key>fileRef</key><string>00000000000000000000003c</string><key>isa</key><string>PBXBuildFile</string><key>settings</key><dict><key>ATTRIBUTES</key><array/></dict></dict><key>00000000000000000000009b</key><dict><key>fileRef</key><string>00000000000000000000003d</string><key>isa</key><string>PBXBuildFile</string><key>settings</key><dict><key>ATTRIBUTES</key><array/></dict></dict><key>00000000000000000000009c</key><dict><key>fileRef</key><string>00000000000000000000003e</string><key>isa</key><string>PBXBuildFile</string><key>settings</key><dict><key>ATTRIBUTES</key><array/></dict></dict><key>00000000000000000000009d</key><dict><key>fileRef</key><string>00000000000000000000003f</string><key>isa</key><string>PBXBuildFile</string><key>settings</key><dict><key>ATTRIBUTES</key><array/></dict></dict><key>00000000000000000000009e</key><dict><key>fileRef</key><string>000000000000000000000040</string><key>isa</key><string>PBXBuildFile</string><key>settings</key><dict><key>ATTRIBUTES</key><array/></dict></dict><key>00000000000000000000009f</key><dict><key>fileRef</key><string>000000000000000000000041</string><key>isa</key><string>PBXBuildFile</string><key>settings</key><dict><key>ATTRIBUTES</key><array/></dict></dict><key>0000000000000000000000a0</key><dict><key>fileRef</key><string>000000000000000000000042</string><key>isa</key><string>PBXBuildFile</string><key>settings</key><dict><key>ATTRIBUTES</key><array/></dict></dict><key>0000000000000000000000a1</key><dict><key>fileRef</key><string>000000000000000000000043</string><key>isa</key><string>PBXBuildFile</string><key>settings</key><dict><key>ATTRIBUTES</key><array/></dict></dict><key>0000000000000000000000a2</key><dict><key>fileRef</key><string>000000000000000000000044</string><key>isa</key><string>PBXBuildFile</string><key>settings</key><dict><key>ATTRIBUTES</key><array/></dict></dict><key>0000000000000000000000a3</key><dict><key>fileRef</key><string>000000000000000000000045</string><key>isa</key><string>PBXBuildFile</string><key>settings</key><dict><key>ATTRIBUTES</key><array/></dict></dict><key>0000000000000000000000a4</key><dict><key>fileRef</key><string>000000000000000000000046</string><key>isa</key><string>PBXBuildFile</string><key>settings</key><dict><key>ATTRIBUTES</key><array/></dict></dict><key>0000000000000000000000a5</key><dict><key>fileRef</key><string>000000000000000000000047</string><key>isa</key><string>PBXBuildFile</string><key>settings</key><dict><key>ATTRIBUTES</key><array/></dict></dict><key>0000000000000000000000a6</key><dict><key>fileRef</key><string>000000000000000000000048</string><key>isa</key><string>PBXBuildFile</string><key>settings</key><dict><key>ATTRIBUTES</key><array/></dict></dict><key>0000000000000000000000a7</key><dict><key>fileRef</key><string>000000000000000000000049</string><key>isa</key><string>PBXBuildFile</string><key>settings</key><dict><key>ATTRIBUTES</key><array/></dict></dict><key>0000000000000000000000a8</key><dict><key>fileRef</key><string>00000000000000000000004a</string><key>isa</key><string>PBXBuildFile</string><key>settings</key><dict><key>ATTRIBUTES</key><array/></dict></dict><key>0000000000000000000000a9</key><dict><key>fileRef</key><string>00000000000000000000004b</string><key>isa</key><string>PBXBuildFile</string><key>settings</key><dict><key>ATTRIBUTES</key><array/></dict></dict><key>0000000000000000000000aa</key><dict><key>fileRef</key><string>00000000000000000000004c</string><key>isa</key><string>PBXBuildFile</string><key>settings</key><dict><key>ATTRIBUTES</key><array/></dict></dict><key>0000000000000000000000ab</key><dict><key>fileRef</key><string>00000000000000000000004d</string><key>isa</key><string>PBXBuildFile</string><key>settings</key><dict><key>ATTRIBUTES</key><array/></dict></dict><key>0000000000000000000000ac</key><dict><key>fileRef</key><string>00000000000000000000004e</string><key>isa</key><string>PBXBuildFile</string><key>settings</key><dict><key>ATTRIBUTES</key><array/></dict></dict><key>0000000000000000000000ad</key><dict><key>fileRef</key><string>00000000000000000000004f</string><key>isa</key><string>PBXBuildFile</string><key>settings</key><dict><key>ATTRIBUTES</key><array/></dict></dict><key>0000000000000000000000ae</key><dict><key>fileRef</key><string>000000000000000000000050</string><key>isa</key><string>PBXBuildFile</string><key>settings</key><dict><key>ATTRIBUTES</key><array/></dict></dict><key>0000000000000000000000af</key><dict><key>fileRef</key><string>000000000000000000000051</string><key>isa</key><string>PBXBuildFile</string><key>settings</key><dict><key>ATTRIBUTES</key><array/></dict></dict><key>0000000000000000000000b0</key><dict><key>buildActionMask</key><string>2147483647</string><key>files</key><array><string>00000000000000000000005e</string><string>00000000000000000000005f</string><string>000000000000000000000060</string><string>000000000000000000000061</string><string>000000000000000000000062</string><string>000000000000000000000063</string><string>000000000000000000000064</string><string>000000000000000000000065</string><string>000000000000000000000066</string><string>000000000000000000000067</string><string>000000000000000000000068</string><string>000000000000000000000069</string><string>00000000000000000000006a</string><string>00000000000000000000006b</string><string>00000000000000000000006c</string><string>00000000000000000000006d</string><string>00000000000000000000006e</string><string>00000000000000000000006f</string><string>000000000000000000000070</string><string>000000000000000000000071</string><string>000000000000000000000072</string><string>000000000000000000000073</string><string>000000000000000000000074</string><string>000000000000000000000075</string><string>000000000000000000000076</string><string>000000000000000000000077</string><string>000000000000000000000078</string><string>000000000000000000000079</string><string>00000000000000000000007a</string><string>00000000000000000000007b</string><string>00000000000000000000007c</string><string>00000000000000000000007d</string><string>00000000000000000000007e</string><string>00000000000000000000007f</string><string>000000000000000000000080</string><string>000000000000000000000081</string><string>000000000000000000000082</string><string>000000000000000000000083</string><string>000000000000000000000084</string><string>000000000000000000000085</string><string>000000000000000000000086</string><string>000000000000000000000087</string><string>000000000000000000000088</string><string>000000000000000000000089</string><string>00000000000000000000008a</string><string>00000000000000000000008b</string><string>00000000000000000000008c</string><string>00000000000000000000008d</string><string>00000000000000000000008e</string><string>00000000000000000000008f</string><string>000000000000000000000090</string><string>000000000000000000000091</string><string>000000000000000000000092</string><string>000000000000000000000093</string><string>000000000000000000000094</string><string>000000000000000000000095</string><string>000000000000000000000096</string><string>000000000000000000000097</string><string>000000000000000000000098</string><string>000000000000000000000099</string><string>00000000000000000000009a</string><string>00000000000000000000009b</string><string>00000000000000000000009c</string><string>00000000000000000000009d</string><string>00000000000000000000009e</string><string>00000000000000000000009f</string><string>0000000000000000000000a0</string><string>0000000000000000000000a1</string><string>0000000000000000000000a2</string><string>0000000000000000000000a3</string><string>0000000000000000000000a4</string><string>0000000000000000000000a5</string><string>0000000000000000000000a6</string><string>0000000000000000000000a7</string><string>0000000000000000000000a8</string><string>0000000000000000000000a9</string><string>0000000000000000000000aa</string><string>0000000000000000000000ab</string><string>0000000000000000000000ac</string><string>0000000000000000000000ad</string><string>0000000000000000000000ae</string><string>0000000000000000000000af</string></array><key>isa</key><string>PBXSourcesBuildPhase</string><key>runOnlyForDeploymentPostprocessing</key><string>0</string></dict><key>0000000000000000000000b1</key><dict><key>buildActionMask</key><string>8</string><key>files</key><array/><key>isa</key><string>PBXFrameworksBuildPhase</string><key>runOnlyForDeploymentPostprocessing</key><string>0</string></dict><key>0000000000000000000000b2</key><dict><key>buildActionMask</key><string>8</string><key>dstPath</key><string>/usr/share/man/man1</string><key>dstSubfolderSpec</key><string>0</string><key>files</key><array/><key>isa</key><string>PBXCopyFilesBuildPhase</string><key>runOnlyForDeploymentPostprocessing</key><string>1</string></dict><key>0000000000000000000000b3</key><dict><key>buildConfigurationList</key><string>00000000000000000000005d</string><key>buildPhases</key><array><string>0000000000000000000000b0</string><string>0000000000000000000000b1</string><string>0000000000000000000000b2</string></array><key>buildRules</key><array/><key>dependencies</key><array/><key>isa</key><string>PBXNativeTarget</string><key>name</key><string>ChibiOS_FloorHeater.elf</string><key>productInstallPath</key><string>$(HOME)/bin</string><key>productName</key><string>ChibiOS_FloorHeater.elf</string><key>productReference</key><string>000000000000000000000053</string><key>productType</key><string>com.apple.product-type.tool</string></dict></dict><key>rootObject</key><string>00000000000000000000005a</string></dict></plist>