#MicroXplorer Configuration settings - do not modify
#Sun Nov 23 16:18:01 BRT 2014
File.Version=4
KeepUserPlacement=false
Mcu.Family=STM32F0
Mcu.IP0=NVIC
Mcu.IP1=RCC
Mcu.IPNb=2
Mcu.Name=STM32F030F4Px
Mcu.Package=TSSOP20
Mcu.Pin0=PA0
Mcu.Pin1=PA1
Mcu.Pin2=PA2
Mcu.Pin3=PA3
Mcu.Pin4=PA4
Mcu.Pin5=PA5
Mcu.Pin6=PA9
Mcu.PinsNb=7
Mcu.UserName=STM32F030F4Px
NVIC.SysTick_IRQn=true\:0\:0
PA0.Locked=true
PA0.Signal=GPIO_Input
PA1.Locked=true
PA1.Signal=GPIO_Input
PA2.Locked=true
PA2.Signal=GPIO_Input
PA3.Locked=true
PA3.Signal=GPIO_Input
PA4.Locked=true
PA4.Signal=GPIO_Input
PA5.Locked=true
PA5.Signal=GPIO_Input
PA9.GPIOParameters=GPIO_Label
PA9.GPIO_Label=DS18B20
PA9.Signal=GPIO_Input
PCC.Family=STM32F0
PCC.MCU=STM32F030F4Px
PCC.MXVersion=4.4.0
PCC.PartNumber=STM32F030F4Px
PCC.Seq0=0
PCC.SubFamily=STM32F030 Value Line
PCC.Temperature=25
PCC.Vdd=3.6
RCC.CECEnable-ClockTree=false
RCC.EnableHSE-ClockTree=false
RCC.EnableHSERTCDevisor-ClockTree=false
RCC.EnableLSE-ClockTree=false
RCC.EnableLSERTC-ClockTree=false
RCC.EnableMCOMultDivisor-ClockTree=false
RCC.FLatency-AdvancedSettings=FLASH_LATENCY_0
RCC.FamilyName=M
RCC.HSEState-ClockTree=RCC_HSE_OFF
RCC.HSI14State-ClockTree=RCC_HSI14_OFF
RCC.HSI48State-ClockTree=RCC_HSI48_OFF
RCC.HSIState-ClockTree=RCC_HSI_ON
RCC.I2C1Enable-ClockTree=false
RCC.IPParameters=EnableHSERTCDevisor-ClockTree,FamilyName,OscillatorTypeHSI-ClockTree,FLatency-AdvancedSettings,HSI48State-ClockTree,OscillatorTypeHSE-ClockTree,HSI14State-ClockTree,USART1Enable-ClockTree,MCOEnable-ClockTree,CECEnable-ClockTree,OscillatorTypeLSI-ClockTree,EnableLSE-ClockTree,EnableHSE-ClockTree,USART2Enable-ClockTree,USBEnable-ClockTree,HSIState-ClockTree,I2C1Enable-ClockTree,PREFETCH_ENABLE-AdvancedSettings,LSIState-ClockTree,EnableLSERTC-ClockTree,IWDGEnable-ClockTree,PLLState-ClockTree,PLLCLKFreq_Value,EnableMCOMultDivisor-ClockTree,HSEState-ClockTree,RTCEnable-ClockTree
RCC.IWDGEnable-ClockTree=false
RCC.LSIState-ClockTree=RCC_LSI_OFF
RCC.MCOEnable-ClockTree=false
RCC.OscillatorTypeHSE-ClockTree=
RCC.OscillatorTypeHSI-ClockTree=RCC_OSCILLATORTYPE_HSI
RCC.OscillatorTypeLSI-ClockTree=
RCC.PLLCLKFreq_Value=8000000
RCC.PLLState-ClockTree=RCC_PLL_OFF
RCC.PREFETCH_ENABLE-AdvancedSettings=0
RCC.RTCEnable-ClockTree=false
RCC.USART1Enable-ClockTree=false
RCC.USART2Enable-ClockTree=false
RCC.USBEnable-ClockTree=false
