#MicroXplorer Configuration settings - do not modify
#Fri Jan 09 05:36:44 BRT 2015
File.Version=4
KeepUserPlacement=false
Mcu.Family=STM32F0
Mcu.IP0=NVIC
Mcu.IP1=RCC
Mcu.IP2=SYS
Mcu.IP3=TIM1
Mcu.IP4=TIM3
Mcu.IP5=TIM14
Mcu.IP6=USART1
Mcu.IPNb=7
Mcu.Name=STM32F030F4Px
Mcu.Package=TSSOP20
Mcu.Pin0=PF0-OSC_IN
Mcu.Pin1=PA0
Mcu.Pin10=PA13
Mcu.Pin11=PA14
Mcu.Pin12=VP_TIM14_VS_ClockSourceINT
Mcu.Pin2=PA2
Mcu.Pin3=PA4
Mcu.Pin4=PA5
Mcu.Pin5=PA6
Mcu.Pin6=PA7
Mcu.Pin7=PB1
Mcu.Pin8=PA9
Mcu.Pin9=PA10
Mcu.PinsNb=13
Mcu.UserName=STM32F030F4Px
NVIC.SysTick_IRQn=true\:0\:0
PA0.GPIOParameters=GPIO_Label
PA0.GPIO_Label=DHT11
PA0.Signal=GPIO_Input
PA10.GPIOParameters=GPIO_Label
PA10.GPIO_Label=PWM \u043F\u043E\u0434\u043E\u0433\u0440\u0435\u0432
PA10.Signal=S_TIM1_CH3
PA13.Mode=Serial-WireDebug
PA13.Signal=SYS_SWDIO
PA14.Mode=Serial-WireDebug
PA14.Signal=SYS_SWCLK
PA2.GPIOParameters=GPIO_Label
PA2.GPIO_Label=MPC
PA2.Mode=Half_duplex(single_wire_mode)
PA2.Signal=USART1_TX
PA4.GPIOParameters=GPIO_Label
PA4.GPIO_Label=\u0422\u0430\u0445\u043E\u043C\u0435\u0442\u0440 \u0432\u0435\u043D\u0442\u0438\u043B\u044F\u0442\u043E\u0440\u0430
PA4.Signal=S_TIM14_CH1
PA5.GPIOParameters=GPIO_Label
PA5.GPIO_Label=White
PA5.Signal=GPIO_Output
PA6.GPIOParameters=GPIO_Label
PA6.GPIO_Label=PWM Red
PA6.Signal=S_TIM3_CH1
PA7.GPIOParameters=GPIO_Label
PA7.GPIO_Label=PWM Blue
PA7.Signal=S_TIM3_CH2
PA9.GPIOParameters=GPIO_Label
PA9.GPIO_Label=PWM \u0423\u0432\u043B\u0430\u0436\u043D\u0438\u0442\u0435\u043B\u044C
PA9.Signal=S_TIM1_CH2
PB1.GPIOParameters=GPIO_Label
PB1.GPIO_Label=PWM Green
PB1.Signal=S_TIM3_CH4
PCC.Family=STM32F0
PCC.MCU=STM32F030F4Px
PCC.MXVersion=4.3.1
PCC.PartNumber=STM32F030F4Px
PCC.Seq0=0
PCC.SubFamily=STM32F030 Value Line
PCC.Temperature=25
PCC.Vdd=3.6
PF0-OSC_IN.GPIOParameters=GPIO_Label
PF0-OSC_IN.GPIO_Label=LED Load
PF0-OSC_IN.Signal=GPIO_Output
RCC.CECEnable-ClockTree=false
RCC.EnableHSE-ClockTree=false
RCC.EnableHSERTCDevisor-ClockTree=false
RCC.EnableLSE-ClockTree=false
RCC.EnableLSERTC-ClockTree=false
RCC.EnableMCOMultDivisor-ClockTree=false
RCC.FLatency-AdvancedSettings=FLASH_LATENCY_0
RCC.FamilyName=M
RCC.HSEState-ClockTree=RCC_HSE_OFF
RCC.HSI14State-ClockTree=RCC_HSI14_OFF
RCC.HSI48State-ClockTree=RCC_HSI48_OFF
RCC.HSIState-ClockTree=RCC_HSI_ON
RCC.I2C1Enable-ClockTree=false
RCC.IPParameters=RTCEnable-ClockTree,EnableLSE-ClockTree,CECEnable-ClockTree,FamilyName,PREFETCH_ENABLE-AdvancedSettings,USBEnable-ClockTree,HSI14State-ClockTree,IWDGEnable-ClockTree,HSI48State-ClockTree,FLatency-AdvancedSettings,EnableLSERTC-ClockTree,USART2Enable-ClockTree,MCOEnable-ClockTree,OscillatorTypeHSI-ClockTree,EnableMCOMultDivisor-ClockTree,I2C1Enable-ClockTree,HSIState-ClockTree,LSIState-ClockTree,PLLState-ClockTree,USART1Enable-ClockTree,HSEState-ClockTree,EnableHSE-ClockTree,EnableHSERTCDevisor-ClockTree
RCC.IWDGEnable-ClockTree=false
RCC.LSIState-ClockTree=RCC_LSI_OFF
RCC.MCOEnable-ClockTree=false
RCC.OscillatorTypeHSI-ClockTree=RCC_OSCILLATORTYPE_HSI
RCC.PLLState-ClockTree=RCC_PLL_OFF
RCC.PREFETCH_ENABLE-AdvancedSettings=0
RCC.RTCEnable-ClockTree=false
RCC.USART1Enable-ClockTree=false
RCC.USART2Enable-ClockTree=false
RCC.USBEnable-ClockTree=false
SH.S_TIM14_CH1.0=TIM14_CH1,Input_Capture1_from_TI1
SH.S_TIM14_CH1.ConfNb=1
SH.S_TIM1_CH2.0=TIM1_CH2,PWM Generation2 CH2
SH.S_TIM1_CH2.ConfNb=1
SH.S_TIM1_CH3.0=TIM1_CH3,PWM Generation3 CH3
SH.S_TIM1_CH3.ConfNb=1
SH.S_TIM3_CH1.0=TIM3_CH1,PWM Generation1 CH1
SH.S_TIM3_CH1.ConfNb=1
SH.S_TIM3_CH2.0=TIM3_CH2,PWM Generation2 CH2
SH.S_TIM3_CH2.ConfNb=1
SH.S_TIM3_CH4.0=TIM3_CH4,PWM Generation4 CH4
SH.S_TIM3_CH4.ConfNb=1
TIM1.Channel-PWM\ Generation2\ CH2=TIM_CHANNEL_2
TIM1.Channel-PWM\ Generation3\ CH3=TIM_CHANNEL_3
TIM1.IPParameters=Channel-PWM Generation2 CH2,Channel-PWM Generation3 CH3
TIM3.Channel-PWM\ Generation2\ CH2=TIM_CHANNEL_2
TIM3.Channel-PWM\ Generation4\ CH4=TIM_CHANNEL_4
TIM3.IPParameters=Channel-PWM Generation4 CH4,Channel-PWM Generation2 CH2
VP_TIM14_VS_ClockSourceINT.Mode=Enable_Timer
VP_TIM14_VS_ClockSourceINT.Signal=TIM14_VS_ClockSourceINT
