#MicroXplorer Configuration settings - do not modify
#Fri Jul 04 16:57:05 MSK 2014
File.Version=4
KeepUserPlacement=false
Mcu.Family=STM32F0
Mcu.IP0=NVIC
Mcu.IP1=RCC
Mcu.IP2=SPI1
Mcu.IP3=SYS
Mcu.IP4=TIM1
Mcu.IP5=USART1
Mcu.IPNb=6
Mcu.Name=STM32F031F(4-6)Px
Mcu.Package=TSSOP20
Mcu.Pin0=PF0-OSC_IN
Mcu.Pin1=PF1-OSC_OUT
Mcu.Pin2=PA4
Mcu.Pin3=PA5
Mcu.Pin4=PA6
Mcu.Pin5=PA7
Mcu.Pin6=PA9
Mcu.Pin7=PA10
Mcu.Pin8=PA13
Mcu.Pin9=PA14
Mcu.PinsNb=10
Mcu.UserName=STM32F031F4Px
NVIC.SysTick_IRQn=true\:0\:0
PA10.GPIOParameters=GPIO_Label
PA10.GPIO_Label=FloorHeater
PA10.Signal=S_TIM1_CH3
PA13.Mode=Serial-WireDebug
PA13.Signal=SYS_SWDIO
PA14.Mode=Serial-WireDebug
PA14.Signal=SYS_SWCLK
PA4.Mode=NSS_Signal_Hard
PA4.Signal=SPI1_NSS
PA5.Mode=Full_Duplex_Master
PA5.Signal=SPI1_SCK
PA6.Mode=Full_Duplex_Master
PA6.Signal=SPI1_MISO
PA7.Mode=Full_Duplex_Master
PA7.Signal=SPI1_MOSI
PA9.GPIOParameters=GPIO_Label
PA9.GPIO_Label=DS18B20
PA9.Mode=Half_duplex(single_wire_mode)
PA9.Signal=USART1_TX
PCC.Family=STM32F0
PCC.MCU=STM32F031F(4-6)Px
PCC.MXVersion=4.3.0
PCC.PartNumber=STM32F031F4Px
PCC.Seq0=0
PCC.SubFamily=STM32F0x1
PCC.Temperature=25
PCC.Vdd=3.6
PF0-OSC_IN.Signal=GPIO_Analog
PF1-OSC_OUT.Signal=GPIO_Analog
RCC.FamilyName=M
RCC.IPParameters=,FamilyName,SYSCLKSource,PLLMUL
RCC.PLLMUL=RCC_PLL_MUL12
RCC.SYSCLKSource=RCC_SYSCLKSOURCE_PLLCLK
SH.S_TIM1_CH3.0=TIM1_CH3,PWM Generation3 CH3
SH.S_TIM1_CH3.ConfNb=1
SPI1.IPParameters=VirtualNSS,Mode-Full_Duplex_Master
SPI1.Mode-Full_Duplex_Master=SPI_MODE_MASTER
SPI1.VirtualNSS=VM_NSSHARD
TIM1.Channel-PWM\ Generation3\ CH3=TIM_CHANNEL_3
TIM1.IPParameters=Period,Prescaler,Channel-PWM Generation3 CH3
TIM1.Period=60000
TIM1.Prescaler=48000
