#MicroXplorer Configuration settings - do not modify
#Sat Jan 24 07:32:16 BRT 2015
File.Version=1
KeepUserPlacement=true
Mcu.Family=STM32F1
Mcu.IP0=TIM1
Mcu.IP1=TIM2
Mcu.IP2=TIM3
Mcu.IP3=TIM4
Mcu.IPNb=4
Mcu.Name=STM32F100C(8-B)Tx
Mcu.Package=LQFP48
Mcu.Pin0=PA0-WKUP
Mcu.Pin1=PA1
Mcu.Pin10=PA10
Mcu.Pin11=PA11
Mcu.Pin12=PB6
Mcu.Pin2=PA2
Mcu.Pin3=PA3
Mcu.Pin4=PA6
Mcu.Pin5=PA7
Mcu.Pin6=PB0
Mcu.Pin7=PB1
Mcu.Pin8=PA8
Mcu.Pin9=PA9
Mcu.PinsNb=13
Mcu.UserName=STM32F100C(8-B)Tx
PA0-WKUP.Mode=PWM-Generation
PA0-WKUP.Signal=TIM2_CH1_ETR
PA1.Mode=PWM-Generation
PA1.Signal=TIM2_CH2
PA10.Mode=PWM-Generation
PA10.Signal=TIM1_CH3
PA11.Mode=PWM-Generation
PA11.Signal=TIM1_CH4
PA2.Mode=PWM-Generation
PA2.Signal=TIM2_CH3
PA3.Mode=PWM-Generation
PA3.Signal=TIM2_CH4
PA6.Mode=PWM-Generation
PA6.Signal=TIM3_CH1
PA7.Mode=PWM-Generation
PA7.Signal=TIM3_CH2
PA8.Mode=PWM-Generation
PA8.Signal=TIM1_CH1
PA9.Mode=PWM-Generation
PA9.Signal=TIM1_CH2
PB0.Mode=PWM-Generation
PB0.Signal=TIM3_CH3
PB1.Mode=PWM-Generation
PB1.Signal=TIM3_CH4
PB6.Locked=true
PB6.Mode=PWM-Input-1
PB6.Signal=TIM4_CH1
