#MicroXplorer Configuration settings - do not modify
#Tue Sep 16 16:54:39 MSK 2014
File.Version=4
KeepUserPlacement=false
Mcu.Family=STM32F0
Mcu.IP0=NVIC
Mcu.IP1=RCC
Mcu.IP2=SYS
Mcu.IP3=TIM1
Mcu.IP4=TIM3
Mcu.IP5=TIM14
Mcu.IP6=USART1
Mcu.IPNb=7
Mcu.Name=STM32F031F(4-6)Px
Mcu.Package=TSSOP20
Mcu.Pin0=PF0-OSC_IN
Mcu.Pin1=PF1-OSC_OUT
Mcu.Pin10=PA13
Mcu.Pin11=PA14
Mcu.Pin12=VP_TIM1_VS_ClockSourceINT
Mcu.Pin13=VP_TIM14_VS_ClockSourceINT
Mcu.Pin2=PA0
Mcu.Pin3=PA4
Mcu.Pin4=PA5
Mcu.Pin5=PA6
Mcu.Pin6=PA7
Mcu.Pin7=PB1
Mcu.Pin8=PA9
Mcu.Pin9=PA10
Mcu.PinsNb=14
Mcu.UserName=STM32F031F4Px
NVIC.SysTick_IRQn=true\:0\:0
PA0.GPIOParameters=GPIO_Label
PA0.GPIO_Label=DHT11
PA0.Locked=true
PA0.Signal=GPIO_Analog
PA10.Locked=true
PA10.Mode=Multiprocessor_communication
PA10.Signal=USART1_RX
PA13.Locked=true
PA13.Mode=Serial-WireDebug
PA13.Signal=SYS_SWDIO
PA14.Locked=true
PA14.Mode=Serial-WireDebug
PA14.Signal=SYS_SWCLK
PA4.GPIOParameters=GPIO_Label
PA4.GPIO_Label=\u0422\u0430\u0445\u043E\u043C\u0435\u0442\u0440 \u0432\u0435\u043D\u0442\u0438\u043B\u044F\u0442\u043E\u0440\u0430
PA4.Signal=S_TIM14_CH1
PA5.GPIOParameters=GPIO_Label
PA5.GPIO_Label=White Led
PA5.Locked=true
PA5.Signal=GPIO_Output
PA6.GPIOParameters=GPIO_Label
PA6.GPIO_Label=Red Led PWM
PA6.Locked=true
PA6.Signal=S_TIM3_CH1
PA7.GPIOParameters=GPIO_Label
PA7.GPIO_Label=Blue Led PWM
PA7.Locked=true
PA7.Signal=S_TIM3_CH2
PA9.Locked=true
PA9.Mode=Multiprocessor_communication
PA9.Signal=USART1_TX
PB1.GPIOParameters=GPIO_Label
PB1.GPIO_Label=Green Led PWM
PB1.Locked=true
PB1.Signal=S_TIM3_CH4
PCC.Family=STM32F0
PCC.MCU=STM32F031F(4-6)Px
PCC.MXVersion=4.3.0
PCC.PartNumber=STM32F031F4Px
PCC.Seq0=0
PCC.SubFamily=STM32F0x1
PCC.Temperature=25
PCC.Vdd=3.6
PF0-OSC_IN.GPIOParameters=GPIO_Label
PF0-OSC_IN.GPIO_Label=Load Indicator
PF0-OSC_IN.Locked=true
PF0-OSC_IN.Signal=GPIO_Output
PF1-OSC_OUT.GPIOParameters=GPIO_Label
PF1-OSC_OUT.GPIO_Label=PIR Input
PF1-OSC_OUT.Locked=true
PF1-OSC_OUT.Signal=GPIO_Input
RCC.FamilyName=M
RCC.IPParameters=,FamilyName,SYSCLKSource,PLLMUL
RCC.PLLMUL=RCC_PLL_MUL12
RCC.SYSCLKSource=RCC_SYSCLKSOURCE_PLLCLK
SH.S_TIM14_CH1.0=TIM14_CH1,Input_Capture1_from_TI1
SH.S_TIM14_CH1.ConfNb=1
SH.S_TIM3_CH1.0=TIM3_CH1,PWM Generation1 CH1
SH.S_TIM3_CH1.ConfNb=1
SH.S_TIM3_CH2.0=TIM3_CH2,PWM Generation2 CH2
SH.S_TIM3_CH2.ConfNb=1
SH.S_TIM3_CH4.0=TIM3_CH4,PWM Generation4 CH4
SH.S_TIM3_CH4.ConfNb=1
TIM3.Channel-PWM\ Generation2\ CH2=TIM_CHANNEL_2
TIM3.Channel-PWM\ Generation4\ CH4=TIM_CHANNEL_4
TIM3.IPParameters=Channel-PWM Generation4 CH4,Channel-PWM Generation2 CH2
VP_TIM14_VS_ClockSourceINT.Mode=Enable_Timer
VP_TIM14_VS_ClockSourceINT.Signal=TIM14_VS_ClockSourceINT
VP_TIM1_VS_ClockSourceINT.Mode=Internal
VP_TIM1_VS_ClockSourceINT.Signal=TIM1_VS_ClockSourceINT
